// !$*UTF8*$!
{
	archiveVersion = 1;
	classes = {
	};
	objectVersion = 56;
	objects = {

/* Begin PBXBuildFile section */
		185CE20B2B5D931C00F2A4AB /* WeatherTableViewCell.swift in Sources */ = {isa = PBXBuildFile; fileRef = 185CE20A2B5D931C00F2A4AB /* WeatherTableViewCell.swift */; };
		185CE20F2B5D9B7A00F2A4AB /* UITableView + Extension.swift in Sources */ = {isa = PBXBuildFile; fileRef = 185CE20E2B5D9B7A00F2A4AB /* UITableView + Extension.swift */; };
		185CE2122B5D9D3700F2A4AB /* AnyCell.swift in Sources */ = {isa = PBXBuildFile; fileRef = 185CE2112B5D9D3700F2A4AB /* AnyCell.swift */; };
		185CE2142B5E5BA900F2A4AB /* WeatherScreenPresenter.swift in Sources */ = {isa = PBXBuildFile; fileRef = 185CE2132B5E5BA900F2A4AB /* WeatherScreenPresenter.swift */; };
		18730B742B5EB94E00FC7CE8 /* WeatherModel.swift in Sources */ = {isa = PBXBuildFile; fileRef = 18730B732B5EB94E00FC7CE8 /* WeatherModel.swift */; };
		18730B772B5EBCF100FC7CE8 /* WeatherBuilder.swift in Sources */ = {isa = PBXBuildFile; fileRef = 18730B762B5EBCF100FC7CE8 /* WeatherBuilder.swift */; };
		18730B7B2B5EEA8F00FC7CE8 /* WeatherNetworkService.swift in Sources */ = {isa = PBXBuildFile; fileRef = 18730B7A2B5EEA8E00FC7CE8 /* WeatherNetworkService.swift */; };
		18730B7E2B5F828200FC7CE8 /* WeatherCellViewModel.swift in Sources */ = {isa = PBXBuildFile; fileRef = 18730B7D2B5F828200FC7CE8 /* WeatherCellViewModel.swift */; };
		18B6A8912B5D85E300BDF2D4 /* AppDelegate.swift in Sources */ = {isa = PBXBuildFile; fileRef = 18B6A8902B5D85E300BDF2D4 /* AppDelegate.swift */; };
		18B6A8932B5D85E300BDF2D4 /* SceneDelegate.swift in Sources */ = {isa = PBXBuildFile; fileRef = 18B6A8922B5D85E300BDF2D4 /* SceneDelegate.swift */; };
		18B6A8952B5D85E300BDF2D4 /* WeatherViewController.swift in Sources */ = {isa = PBXBuildFile; fileRef = 18B6A8942B5D85E300BDF2D4 /* WeatherViewController.swift */; };
		18B6A89A2B5D85E700BDF2D4 /* Assets.xcassets in Resources */ = {isa = PBXBuildFile; fileRef = 18B6A8992B5D85E700BDF2D4 /* Assets.xcassets */; };
		18B6A89D2B5D85E700BDF2D4 /* LaunchScreen.storyboard in Resources */ = {isa = PBXBuildFile; fileRef = 18B6A89B2B5D85E700BDF2D4 /* LaunchScreen.storyboard */; };
		18B6A8A82B5D85E700BDF2D4 /* WeatherAppTests.swift in Sources */ = {isa = PBXBuildFile; fileRef = 18B6A8A72B5D85E700BDF2D4 /* WeatherAppTests.swift */; };
		18B6A8B22B5D85E700BDF2D4 /* WeatherAppUITests.swift in Sources */ = {isa = PBXBuildFile; fileRef = 18B6A8B12B5D85E700BDF2D4 /* WeatherAppUITests.swift */; };
		18B6A8B42B5D85E700BDF2D4 /* WeatherAppUITestsLaunchTests.swift in Sources */ = {isa = PBXBuildFile; fileRef = 18B6A8B32B5D85E700BDF2D4 /* WeatherAppUITestsLaunchTests.swift */; };
		18B6A8C62B5D8AFF00BDF2D4 /* SnapKit in Frameworks */ = {isa = PBXBuildFile; productRef = 18B6A8C52B5D8AFF00BDF2D4 /* SnapKit */; };
/* End PBXBuildFile section */

/* Begin PBXContainerItemProxy section */
		18B6A8A42B5D85E700BDF2D4 /* PBXContainerItemProxy */ = {
			isa = PBXContainerItemProxy;
			containerPortal = 18B6A8852B5D85E300BDF2D4 /* Project object */;
			proxyType = 1;
			remoteGlobalIDString = 18B6A88C2B5D85E300BDF2D4;
			remoteInfo = WeatherApp;
		};
		18B6A8AE2B5D85E700BDF2D4 /* PBXContainerItemProxy */ = {
			isa = PBXContainerItemProxy;
			containerPortal = 18B6A8852B5D85E300BDF2D4 /* Project object */;
			proxyType = 1;
			remoteGlobalIDString = 18B6A88C2B5D85E300BDF2D4;
			remoteInfo = WeatherApp;
		};
/* End PBXContainerItemProxy section */

/* Begin PBXFileReference section */
		185CE20A2B5D931C00F2A4AB /* WeatherTableViewCell.swift */ = {isa = PBXFileReference; lastKnownFileType = sourcecode.swift; path = WeatherTableViewCell.swift; sourceTree = "<group>"; };
		185CE20E2B5D9B7A00F2A4AB /* UITableView + Extension.swift */ = {isa = PBXFileReference; lastKnownFileType = sourcecode.swift; path = "UITableView + Extension.swift"; sourceTree = "<group>"; };
		185CE2112B5D9D3700F2A4AB /* AnyCell.swift */ = {isa = PBXFileReference; lastKnownFileType = sourcecode.swift; path = AnyCell.swift; sourceTree = "<group>"; };
		185CE2132B5E5BA900F2A4AB /* WeatherScreenPresenter.swift */ = {isa = PBXFileReference; lastKnownFileType = sourcecode.swift; path = WeatherScreenPresenter.swift; sourceTree = "<group>"; };
		18730B732B5EB94E00FC7CE8 /* WeatherModel.swift */ = {isa = PBXFileReference; lastKnownFileType = sourcecode.swift; path = WeatherModel.swift; sourceTree = "<group>"; };
		18730B762B5EBCF100FC7CE8 /* WeatherBuilder.swift */ = {isa = PBXFileReference; lastKnownFileType = sourcecode.swift; path = WeatherBuilder.swift; sourceTree = "<group>"; };
		18730B7A2B5EEA8E00FC7CE8 /* WeatherNetworkService.swift */ = {isa = PBXFileReference; lastKnownFileType = sourcecode.swift; path = WeatherNetworkService.swift; sourceTree = "<group>"; };
		18730B7D2B5F828200FC7CE8 /* WeatherCellViewModel.swift */ = {isa = PBXFileReference; lastKnownFileType = sourcecode.swift; path = WeatherCellViewModel.swift; sourceTree = "<group>"; };
		18B6A88D2B5D85E300BDF2D4 /* WeatherApp.app */ = {isa = PBXFileReference; explicitFileType = wrapper.application; includeInIndex = 0; path = WeatherApp.app; sourceTree = BUILT_PRODUCTS_DIR; };
		18B6A8902B5D85E300BDF2D4 /* AppDelegate.swift */ = {isa = PBXFileReference; lastKnownFileType = sourcecode.swift; path = AppDelegate.swift; sourceTree = "<group>"; };
		18B6A8922B5D85E300BDF2D4 /* SceneDelegate.swift */ = {isa = PBXFileReference; lastKnownFileType = sourcecode.swift; path = SceneDelegate.swift; sourceTree = "<group>"; };
		18B6A8942B5D85E300BDF2D4 /* WeatherViewController.swift */ = {isa = PBXFileReference; lastKnownFileType = sourcecode.swift; path = WeatherViewController.swift; sourceTree = "<group>"; };
		18B6A8992B5D85E700BDF2D4 /* Assets.xcassets */ = {isa = PBXFileReference; lastKnownFileType = folder.assetcatalog; path = Assets.xcassets; sourceTree = "<group>"; };
		18B6A89C2B5D85E700BDF2D4 /* Base */ = {isa = PBXFileReference; lastKnownFileType = file.storyboard; name = Base; path = Base.lproj/LaunchScreen.storyboard; sourceTree = "<group>"; };
		18B6A89E2B5D85E700BDF2D4 /* Info.plist */ = {isa = PBXFileReference; lastKnownFileType = text.plist.xml; path = Info.plist; sourceTree = "<group>"; };
		18B6A8A32B5D85E700BDF2D4 /* WeatherAppTests.xctest */ = {isa = PBXFileReference; explicitFileType = wrapper.cfbundle; includeInIndex = 0; path = WeatherAppTests.xctest; sourceTree = BUILT_PRODUCTS_DIR; };
		18B6A8A72B5D85E700BDF2D4 /* WeatherAppTests.swift */ = {isa = PBXFileReference; lastKnownFileType = sourcecode.swift; path = WeatherAppTests.swift; sourceTree = "<group>"; };
		18B6A8AD2B5D85E700BDF2D4 /* WeatherAppUITests.xctest */ = {isa = PBXFileReference; explicitFileType = wrapper.cfbundle; includeInIndex = 0; path = WeatherAppUITests.xctest; sourceTree = BUILT_PRODUCTS_DIR; };
		18B6A8B12B5D85E700BDF2D4 /* WeatherAppUITests.swift */ = {isa = PBXFileReference; lastKnownFileType = sourcecode.swift; path = WeatherAppUITests.swift; sourceTree = "<group>"; };
		18B6A8B32B5D85E700BDF2D4 /* WeatherAppUITestsLaunchTests.swift */ = {isa = PBXFileReference; lastKnownFileType = sourcecode.swift; path = WeatherAppUITestsLaunchTests.swift; sourceTree = "<group>"; };
/* End PBXFileReference section */

/* Begin PBXFrameworksBuildPhase section */
		18B6A88A2B5D85E300BDF2D4 /* Frameworks */ = {
			isa = PBXFrameworksBuildPhase;
			buildActionMask = 2147483647;
			files = (
				18B6A8C62B5D8AFF00BDF2D4 /* SnapKit in Frameworks */,
			);
			runOnlyForDeploymentPostprocessing = 0;
		};
		18B6A8A02B5D85E700BDF2D4 /* Frameworks */ = {
			isa = PBXFrameworksBuildPhase;
			buildActionMask = 2147483647;
			files = (
			);
			runOnlyForDeploymentPostprocessing = 0;
		};
		18B6A8AA2B5D85E700BDF2D4 /* Frameworks */ = {
			isa = PBXFrameworksBuildPhase;
			buildActionMask = 2147483647;
			files = (
			);
			runOnlyForDeploymentPostprocessing = 0;
		};
/* End PBXFrameworksBuildPhase section */

/* Begin PBXGroup section */
		185CE2092B5D930200F2A4AB /* Cells */ = {
			isa = PBXGroup;
			children = (
				185CE20A2B5D931C00F2A4AB /* WeatherTableViewCell.swift */,
			);
			path = Cells;
			sourceTree = "<group>";
		};
		185CE20C2B5D957500F2A4AB /* Core */ = {
			isa = PBXGroup;
			children = (
				185CE2102B5D9D2200F2A4AB /* Protocols */,
				185CE20D2B5D9B6500F2A4AB /* Extensions */,
			);
			path = Core;
			sourceTree = "<group>";
		};
		185CE20D2B5D9B6500F2A4AB /* Extensions */ = {
			isa = PBXGroup;
			children = (
				185CE20E2B5D9B7A00F2A4AB /* UITableView + Extension.swift */,
			);
			path = Extensions;
			sourceTree = "<group>";
		};
		185CE2102B5D9D2200F2A4AB /* Protocols */ = {
			isa = PBXGroup;
			children = (
				185CE2112B5D9D3700F2A4AB /* AnyCell.swift */,
			);
			path = Protocols;
			sourceTree = "<group>";
		};
		185CE2152B5E64EC00F2A4AB /* Presenter */ = {
			isa = PBXGroup;
			children = (
				185CE2132B5E5BA900F2A4AB /* WeatherScreenPresenter.swift */,
			);
			path = Presenter;
			sourceTree = "<group>";
		};
		185CE2162B5E64F300F2A4AB /* Builder */ = {
			isa = PBXGroup;
			children = (
				18730B762B5EBCF100FC7CE8 /* WeatherBuilder.swift */,
			);
			path = Builder;
			sourceTree = "<group>";
		};
		185CE2172B5E64FB00F2A4AB /* Services */ = {
			isa = PBXGroup;
			children = (
				18730B7A2B5EEA8E00FC7CE8 /* WeatherNetworkService.swift */,
			);
			path = Services;
			sourceTree = "<group>";
		};
		18730B722B5EB94100FC7CE8 /* Models */ = {
			isa = PBXGroup;
			children = (
				18730B732B5EB94E00FC7CE8 /* WeatherModel.swift */,
			);
			path = Models;
			sourceTree = "<group>";
		};
		18730B7C2B5F7E8000FC7CE8 /* Entities */ = {
			isa = PBXGroup;
			children = (
				18730B7D2B5F828200FC7CE8 /* WeatherCellViewModel.swift */,
			);
			path = Entities;
			sourceTree = "<group>";
		};
		18B6A8842B5D85E300BDF2D4 = {
			isa = PBXGroup;
			children = (
				18B6A88F2B5D85E300BDF2D4 /* WeatherApp */,
				18B6A8A62B5D85E700BDF2D4 /* WeatherAppTests */,
				18B6A8B02B5D85E700BDF2D4 /* WeatherAppUITests */,
				18B6A88E2B5D85E300BDF2D4 /* Products */,
			);
			sourceTree = "<group>";
		};
		18B6A88E2B5D85E300BDF2D4 /* Products */ = {
			isa = PBXGroup;
			children = (
				18B6A88D2B5D85E300BDF2D4 /* WeatherApp.app */,
				18B6A8A32B5D85E700BDF2D4 /* WeatherAppTests.xctest */,
				18B6A8AD2B5D85E700BDF2D4 /* WeatherAppUITests.xctest */,
			);
			name = Products;
			sourceTree = "<group>";
		};
		18B6A88F2B5D85E300BDF2D4 /* WeatherApp */ = {
			isa = PBXGroup;
			children = (
				18B6A8C32B5D869300BDF2D4 /* Assets */,
				18B6A8C02B5D861A00BDF2D4 /* App */,
				185CE20C2B5D957500F2A4AB /* Core */,
				18B6A8C12B5D862300BDF2D4 /* Scene */,
				18B6A89E2B5D85E700BDF2D4 /* Info.plist */,
			);
			path = WeatherApp;
			sourceTree = "<group>";
		};
		18B6A8A62B5D85E700BDF2D4 /* WeatherAppTests */ = {
			isa = PBXGroup;
			children = (
				18B6A8A72B5D85E700BDF2D4 /* WeatherAppTests.swift */,
			);
			path = WeatherAppTests;
			sourceTree = "<group>";
		};
		18B6A8B02B5D85E700BDF2D4 /* WeatherAppUITests */ = {
			isa = PBXGroup;
			children = (
				18B6A8B12B5D85E700BDF2D4 /* WeatherAppUITests.swift */,
				18B6A8B32B5D85E700BDF2D4 /* WeatherAppUITestsLaunchTests.swift */,
			);
			path = WeatherAppUITests;
			sourceTree = "<group>";
		};
		18B6A8C02B5D861A00BDF2D4 /* App */ = {
			isa = PBXGroup;
			children = (
				18B6A8902B5D85E300BDF2D4 /* AppDelegate.swift */,
				18B6A8922B5D85E300BDF2D4 /* SceneDelegate.swift */,
			);
			path = App;
			sourceTree = "<group>";
		};
		18B6A8C12B5D862300BDF2D4 /* Scene */ = {
			isa = PBXGroup;
			children = (
				18B6A8C22B5D867E00BDF2D4 /* MainScreen */,
			);
			path = Scene;
			sourceTree = "<group>";
		};
		18B6A8C22B5D867E00BDF2D4 /* MainScreen */ = {
			isa = PBXGroup;
			children = (
				18730B7C2B5F7E8000FC7CE8 /* Entities */,
				18730B722B5EB94100FC7CE8 /* Models */,
				185CE2172B5E64FB00F2A4AB /* Services */,
				185CE2162B5E64F300F2A4AB /* Builder */,
				185CE2152B5E64EC00F2A4AB /* Presenter */,
				18B6A8C72B5D8B3C00BDF2D4 /* View */,
			);
			path = MainScreen;
			sourceTree = "<group>";
		};
		18B6A8C32B5D869300BDF2D4 /* Assets */ = {
			isa = PBXGroup;
			children = (
				18B6A8992B5D85E700BDF2D4 /* Assets.xcassets */,
				18B6A89B2B5D85E700BDF2D4 /* LaunchScreen.storyboard */,
			);
			path = Assets;
			sourceTree = "<group>";
		};
		18B6A8C72B5D8B3C00BDF2D4 /* View */ = {
			isa = PBXGroup;
			children = (
				185CE2092B5D930200F2A4AB /* Cells */,
				18B6A8942B5D85E300BDF2D4 /* WeatherViewController.swift */,
			);
			path = View;
			sourceTree = "<group>";
		};
/* End PBXGroup section */

/* Begin PBXNativeTarget section */
		18B6A88C2B5D85E300BDF2D4 /* WeatherApp */ = {
			isa = PBXNativeTarget;
			buildConfigurationList = 18B6A8B72B5D85E700BDF2D4 /* Build configuration list for PBXNativeTarget "WeatherApp" */;
			buildPhases = (
				18B6A8892B5D85E300BDF2D4 /* Sources */,
				18B6A88A2B5D85E300BDF2D4 /* Frameworks */,
				18B6A88B2B5D85E300BDF2D4 /* Resources */,
			);
			buildRules = (
			);
			dependencies = (
			);
			name = WeatherApp;
			packageProductDependencies = (
				18B6A8C52B5D8AFF00BDF2D4 /* SnapKit */,
			);
			productName = WeatherApp;
			productReference = 18B6A88D2B5D85E300BDF2D4 /* WeatherApp.app */;
			productType = "com.apple.product-type.application";
		};
		18B6A8A22B5D85E700BDF2D4 /* WeatherAppTests */ = {
			isa = PBXNativeTarget;
			buildConfigurationList = 18B6A8BA2B5D85E700BDF2D4 /* Build configuration list for PBXNativeTarget "WeatherAppTests" */;
			buildPhases = (
				18B6A89F2B5D85E700BDF2D4 /* Sources */,
				18B6A8A02B5D85E700BDF2D4 /* Frameworks */,
				18B6A8A12B5D85E700BDF2D4 /* Resources */,
			);
			buildRules = (
			);
			dependencies = (
				18B6A8A52B5D85E700BDF2D4 /* PBXTargetDependency */,
			);
			name = WeatherAppTests;
			productName = WeatherAppTests;
			productReference = 18B6A8A32B5D85E700BDF2D4 /* WeatherAppTests.xctest */;
			productType = "com.apple.product-type.bundle.unit-test";
		};
		18B6A8AC2B5D85E700BDF2D4 /* WeatherAppUITests */ = {
			isa = PBXNativeTarget;
			buildConfigurationList = 18B6A8BD2B5D85E700BDF2D4 /* Build configuration list for PBXNativeTarget "WeatherAppUITests" */;
			buildPhases = (
				18B6A8A92B5D85E700BDF2D4 /* Sources */,
				18B6A8AA2B5D85E700BDF2D4 /* Frameworks */,
				18B6A8AB2B5D85E700BDF2D4 /* Resources */,
			);
			buildRules = (
			);
			dependencies = (
				18B6A8AF2B5D85E700BDF2D4 /* PBXTargetDependency */,
			);
			name = WeatherAppUITests;
			productName = WeatherAppUITests;
			productReference = 18B6A8AD2B5D85E700BDF2D4 /* WeatherAppUITests.xctest */;
			productType = "com.apple.product-type.bundle.ui-testing";
		};
/* End PBXNativeTarget section */

/* Begin PBXProject section */
		18B6A8852B5D85E300BDF2D4 /* Project object */ = {
			isa = PBXProject;
			attributes = {
				BuildIndependentTargetsInParallel = 1;
				LastSwiftUpdateCheck = 1430;
				LastUpgradeCheck = 1430;
				TargetAttributes = {
					18B6A88C2B5D85E300BDF2D4 = {
						CreatedOnToolsVersion = 14.3;
					};
					18B6A8A22B5D85E700BDF2D4 = {
						CreatedOnToolsVersion = 14.3;
						TestTargetID = 18B6A88C2B5D85E300BDF2D4;
					};
					18B6A8AC2B5D85E700BDF2D4 = {
						CreatedOnToolsVersion = 14.3;
						TestTargetID = 18B6A88C2B5D85E300BDF2D4;
					};
				};
			};
			buildConfigurationList = 18B6A8882B5D85E300BDF2D4 /* Build configuration list for PBXProject "WeatherApp" */;
			compatibilityVersion = "Xcode 14.0";
			developmentRegion = en;
			hasScannedForEncodings = 0;
			knownRegions = (
				en,
				Base,
			);
			mainGroup = 18B6A8842B5D85E300BDF2D4;
			packageReferences = (
				18B6A8C42B5D8AFF00BDF2D4 /* XCRemoteSwiftPackageReference "SnapKit" */,
			);
			productRefGroup = 18B6A88E2B5D85E300BDF2D4 /* Products */;
			projectDirPath = "";
			projectRoot = "";
			targets = (
				18B6A88C2B5D85E300BDF2D4 /* WeatherApp */,
				18B6A8A22B5D85E700BDF2D4 /* WeatherAppTests */,
				18B6A8AC2B5D85E700BDF2D4 /* WeatherAppUITests */,
			);
		};
/* End PBXProject section */

/* Begin PBXResourcesBuildPhase section */
		18B6A88B2B5D85E300BDF2D4 /* Resources */ = {
			isa = PBXResourcesBuildPhase;
			buildActionMask = 2147483647;
			files = (
				18B6A89D2B5D85E700BDF2D4 /* LaunchScreen.storyboard in Resources */,
				18B6A89A2B5D85E700BDF2D4 /* Assets.xcassets in Resources */,
			);
			runOnlyForDeploymentPostprocessing = 0;
		};
		18B6A8A12B5D85E700BDF2D4 /* Resources */ = {
			isa = PBXResourcesBuildPhase;
			buildActionMask = 2147483647;
			files = (
			);
			runOnlyForDeploymentPostprocessing = 0;
		};
		18B6A8AB2B5D85E700BDF2D4 /* Resources */ = {
			isa = PBXResourcesBuildPhase;
			buildActionMask = 2147483647;
			files = (
			);
			runOnlyForDeploymentPostprocessing = 0;
		};
/* End PBXResourcesBuildPhase section */

/* Begin PBXSourcesBuildPhase section */
		18B6A8892B5D85E300BDF2D4 /* Sources */ = {
			isa = PBXSourcesBuildPhase;
			buildActionMask = 2147483647;
			files = (
				18730B7E2B5F828200FC7CE8 /* WeatherCellViewModel.swift in Sources */,
				18B6A8952B5D85E300BDF2D4 /* WeatherViewController.swift in Sources */,
				185CE20F2B5D9B7A00F2A4AB /* UITableView + Extension.swift in Sources */,
				185CE2142B5E5BA900F2A4AB /* WeatherScreenPresenter.swift in Sources */,
				18730B772B5EBCF100FC7CE8 /* WeatherBuilder.swift in Sources */,
				185CE2122B5D9D3700F2A4AB /* AnyCell.swift in Sources */,
				18730B7B2B5EEA8F00FC7CE8 /* WeatherNetworkService.swift in Sources */,
				18B6A8912B5D85E300BDF2D4 /* AppDelegate.swift in Sources */,
				18B6A8932B5D85E300BDF2D4 /* SceneDelegate.swift in Sources */,
				18730B742B5EB94E00FC7CE8 /* WeatherModel.swift in Sources */,
				185CE20B2B5D931C00F2A4AB /* WeatherTableViewCell.swift in Sources */,
			);
			runOnlyForDeploymentPostprocessing = 0;
		};
		18B6A89F2B5D85E700BDF2D4 /* Sources */ = {
			isa = PBXSourcesBuildPhase;
			buildActionMask = 2147483647;
			files = (
				18B6A8A82B5D85E700BDF2D4 /* WeatherAppTests.swift in Sources */,
			);
			runOnlyForDeploymentPostprocessing = 0;
		};
		18B6A8A92B5D85E700BDF2D4 /* Sources */ = {
			isa = PBXSourcesBuildPhase;
			buildActionMask = 2147483647;
			files = (
				18B6A8B22B5D85E700BDF2D4 /* WeatherAppUITests.swift in Sources */,
				18B6A8B42B5D85E700BDF2D4 /* WeatherAppUITestsLaunchTests.swift in Sources */,
			);
			runOnlyForDeploymentPostprocessing = 0;
		};
/* End PBXSourcesBuildPhase section */

/* Begin PBXTargetDependency section */
		18B6A8A52B5D85E700BDF2D4 /* PBXTargetDependency */ = {
			isa = PBXTargetDependency;
			target = 18B6A88C2B5D85E300BDF2D4 /* WeatherApp */;
			targetProxy = 18B6A8A42B5D85E700BDF2D4 /* PBXContainerItemProxy */;
		};
		18B6A8AF2B5D85E700BDF2D4 /* PBXTargetDependency */ = {
			isa = PBXTargetDependency;
			target = 18B6A88C2B5D85E300BDF2D4 /* WeatherApp */;
			targetProxy = 18B6A8AE2B5D85E700BDF2D4 /* PBXContainerItemProxy */;
		};
/* End PBXTargetDependency section */

/* Begin PBXVariantGroup section */
		18B6A89B2B5D85E700BDF2D4 /* LaunchScreen.storyboard */ = {
			isa = PBXVariantGroup;
			children = (
				18B6A89C2B5D85E700BDF2D4 /* Base */,
			);
			name = LaunchScreen.storyboard;
			sourceTree = "<group>";
		};
/* End PBXVariantGroup section */

/* Begin XCBuildConfiguration section */
		18B6A8B52B5D85E700BDF2D4 /* Debug */ = {
			isa = XCBuildConfiguration;
			buildSettings = {
				ALWAYS_SEARCH_USER_PATHS = NO;
				CLANG_ANALYZER_NONNULL = YES;
				CLANG_ANALYZER_NUMBER_OBJECT_CONVERSION = YES_AGGRESSIVE;
				CLANG_CXX_LANGUAGE_STANDARD = "gnu++20";
				CLANG_ENABLE_MODULES = YES;
				CLANG_ENABLE_OBJC_ARC = YES;
				CLANG_ENABLE_OBJC_WEAK = YES;
				CLANG_WARN_BLOCK_CAPTURE_AUTORELEASING = YES;
				CLANG_WARN_BOOL_CONVERSION = YES;
				CLANG_WARN_COMMA = YES;
				CLANG_WARN_CONSTANT_CONVERSION = YES;
				CLANG_WARN_DEPRECATED_OBJC_IMPLEMENTATIONS = YES;
				CLANG_WARN_DIRECT_OBJC_ISA_USAGE = YES_ERROR;
				CLANG_WARN_DOCUMENTATION_COMMENTS = YES;
				CLANG_WARN_EMPTY_BODY = YES;
				CLANG_WARN_ENUM_CONVERSION = YES;
				CLANG_WARN_INFINITE_RECURSION = YES;
				CLANG_WARN_INT_CONVERSION = YES;
				CLANG_WARN_NON_LITERAL_NULL_CONVERSION = YES;
				CLANG_WARN_OBJC_IMPLICIT_RETAIN_SELF = YES;
				CLANG_WARN_OBJC_LITERAL_CONVERSION = YES;
				CLANG_WARN_OBJC_ROOT_CLASS = YES_ERROR;
				CLANG_WARN_QUOTED_INCLUDE_IN_FRAMEWORK_HEADER = YES;
				CLANG_WARN_RANGE_LOOP_ANALYSIS = YES;
				CLANG_WARN_STRICT_PROTOTYPES = YES;
				CLANG_WARN_SUSPICIOUS_MOVE = YES;
				CLANG_WARN_UNGUARDED_AVAILABILITY = YES_AGGRESSIVE;
				CLANG_WARN_UNREACHABLE_CODE = YES;
				CLANG_WARN__DUPLICATE_METHOD_MATCH = YES;
				COPY_PHASE_STRIP = NO;
				DEBUG_INFORMATION_FORMAT = dwarf;
				ENABLE_STRICT_OBJC_MSGSEND = YES;
				ENABLE_TESTABILITY = YES;
				GCC_C_LANGUAGE_STANDARD = gnu11;
				GCC_DYNAMIC_NO_PIC = NO;
				GCC_NO_COMMON_BLOCKS = YES;
				GCC_OPTIMIZATION_LEVEL = 0;
				GCC_PREPROCESSOR_DEFINITIONS = (
					"DEBUG=1",
					"$(inherited)",
				);
				GCC_WARN_64_TO_32_BIT_CONVERSION = YES;
				GCC_WARN_ABOUT_RETURN_TYPE = YES_ERROR;
				GCC_WARN_UNDECLARED_SELECTOR = YES;
				GCC_WARN_UNINITIALIZED_AUTOS = YES_AGGRESSIVE;
				GCC_WARN_UNUSED_FUNCTION = YES;
				GCC_WARN_UNUSED_VARIABLE = YES;
				IPHONEOS_DEPLOYMENT_TARGET = 16.4;
				MTL_ENABLE_DEBUG_INFO = INCLUDE_SOURCE;
				MTL_FAST_MATH = YES;
				ONLY_ACTIVE_ARCH = YES;
				SDKROOT = iphoneos;
				SWIFT_ACTIVE_COMPILATION_CONDITIONS = DEBUG;
				SWIFT_OPTIMIZATION_LEVEL = "-Onone";
			};
			name = Debug;
		};
		18B6A8B62B5D85E700BDF2D4 /* Release */ = {
			isa = XCBuildConfiguration;
			buildSettings = {
				ALWAYS_SEARCH_USER_PATHS = NO;
				CLANG_ANALYZER_NONNULL = YES;
				CLANG_ANALYZER_NUMBER_OBJECT_CONVERSION = YES_AGGRESSIVE;
				CLANG_CXX_LANGUAGE_STANDARD = "gnu++20";
				CLANG_ENABLE_MODULES = YES;
				CLANG_ENABLE_OBJC_ARC = YES;
				CLANG_ENABLE_OBJC_WEAK = YES;
				CLANG_WARN_BLOCK_CAPTURE_AUTORELEASING = YES;
				CLANG_WARN_BOOL_CONVERSION = YES;
				CLANG_WARN_COMMA = YES;
				CLANG_WARN_CONSTANT_CONVERSION = YES;
				CLANG_WARN_DEPRECATED_OBJC_IMPLEMENTATIONS = YES;
				CLANG_WARN_DIRECT_OBJC_ISA_USAGE = YES_ERROR;
				CLANG_WARN_DOCUMENTATION_COMMENTS = YES;
				CLANG_WARN_EMPTY_BODY = YES;
				CLANG_WARN_ENUM_CONVERSION = YES;
				CLANG_WARN_INFINITE_RECURSION = YES;
				CLANG_WARN_INT_CONVERSION = YES;
				CLANG_WARN_NON_LITERAL_NULL_CONVERSION = YES;
				CLANG_WARN_OBJC_IMPLICIT_RETAIN_SELF = YES;
				CLANG_WARN_OBJC_LITERAL_CONVERSION = YES;
				CLANG_WARN_OBJC_ROOT_CLASS = YES_ERROR;
				CLANG_WARN_QUOTED_INCLUDE_IN_FRAMEWORK_HEADER = YES;
				CLANG_WARN_RANGE_LOOP_ANALYSIS = YES;
				CLANG_WARN_STRICT_PROTOTYPES = YES;
				CLANG_WARN_SUSPICIOUS_MOVE = YES;
				CLANG_WARN_UNGUARDED_AVAILABILITY = YES_AGGRESSIVE;
				CLANG_WARN_UNREACHABLE_CODE = YES;
				CLANG_WARN__DUPLICATE_METHOD_MATCH = YES;
				COPY_PHASE_STRIP = NO;
				DEBUG_INFORMATION_FORMAT = "dwarf-with-dsym";
				ENABLE_NS_ASSERTIONS = NO;
				ENABLE_STRICT_OBJC_MSGSEND = YES;
				GCC_C_LANGUAGE_STANDARD = gnu11;
				GCC_NO_COMMON_BLOCKS = YES;
				GCC_WARN_64_TO_32_BIT_CONVERSION = YES;
				GCC_WARN_ABOUT_RETURN_TYPE = YES_ERROR;
				GCC_WARN_UNDECLARED_SELECTOR = YES;
				GCC_WARN_UNINITIALIZED_AUTOS = YES_AGGRESSIVE;
				GCC_WARN_UNUSED_FUNCTION = YES;
				GCC_WARN_UNUSED_VARIABLE = YES;
				IPHONEOS_DEPLOYMENT_TARGET = 16.4;
				MTL_ENABLE_DEBUG_INFO = NO;
				MTL_FAST_MATH = YES;
				SDKROOT = iphoneos;
				SWIFT_COMPILATION_MODE = wholemodule;
				SWIFT_OPTIMIZATION_LEVEL = "-O";
				VALIDATE_PRODUCT = YES;
			};
			name = Release;
		};
		18B6A8B82B5D85E700BDF2D4 /* Debug */ = {
			isa = XCBuildConfiguration;
			buildSettings = {
				ASSETCATALOG_COMPILER_APPICON_NAME = AppIcon;
				ASSETCATALOG_COMPILER_GLOBAL_ACCENT_COLOR_NAME = AccentColor;
				CODE_SIGN_STYLE = Automatic;
				CURRENT_PROJECT_VERSION = 1;
				DEVELOPMENT_TEAM = 4CZPQT5YS6;
				GENERATE_INFOPLIST_FILE = YES;
				INFOPLIST_FILE = WeatherApp/Info.plist;
				INFOPLIST_KEY_UIApplicationSupportsIndirectInputEvents = YES;
				INFOPLIST_KEY_UILaunchStoryboardName = LaunchScreen;
				INFOPLIST_KEY_UISupportedInterfaceOrientations_iPad = "UIInterfaceOrientationPortrait UIInterfaceOrientationPortraitUpsideDown UIInterfaceOrientationLandscapeLeft UIInterfaceOrientationLandscapeRight";
				INFOPLIST_KEY_UISupportedInterfaceOrientations_iPhone = "UIInterfaceOrientationPortrait UIInterfaceOrientationLandscapeLeft UIInterfaceOrientationLandscapeRight";
				LD_RUNPATH_SEARCH_PATHS = (
					"$(inherited)",
					"@executable_path/Frameworks",
				);
				MARKETING_VERSION = 1.0;
				PRODUCT_BUNDLE_IDENTIFIER = com.WeatherApp;
				PRODUCT_NAME = "$(TARGET_NAME)";
				SWIFT_EMIT_LOC_STRINGS = YES;
				SWIFT_VERSION = 5.0;
				TARGETED_DEVICE_FAMILY = "1,2";
			};
			name = Debug;
		};
		18B6A8B92B5D85E700BDF2D4 /* Release */ = {
			isa = XCBuildConfiguration;
			buildSettings = {
				ASSETCATALOG_COMPILER_APPICON_NAME = AppIcon;
				ASSETCATALOG_COMPILER_GLOBAL_ACCENT_COLOR_NAME = AccentColor;
				CODE_SIGN_STYLE = Automatic;
				CURRENT_PROJECT_VERSION = 1;
				DEVELOPMENT_TEAM = 4CZPQT5YS6;
				GENERATE_INFOPLIST_FILE = YES;
				INFOPLIST_FILE = WeatherApp/Info.plist;
				INFOPLIST_KEY_UIApplicationSupportsIndirectInputEvents = YES;
				INFOPLIST_KEY_UILaunchStoryboardName = LaunchScreen;
				INFOPLIST_KEY_UISupportedInterfaceOrientations_iPad = "UIInterfaceOrientationPortrait UIInterfaceOrientationPortraitUpsideDown UIInterfaceOrientationLandscapeLeft UIInterfaceOrientationLandscapeRight";
				INFOPLIST_KEY_UISupportedInterfaceOrientations_iPhone = "UIInterfaceOrientationPortrait UIInterfaceOrientationLandscapeLeft UIInterfaceOrientationLandscapeRight";
				LD_RUNPATH_SEARCH_PATHS = (
					"$(inherited)",
					"@executable_path/Frameworks",
				);
				MARKETING_VERSION = 1.0;
				PRODUCT_BUNDLE_IDENTIFIER = com.WeatherApp;
				PRODUCT_NAME = "$(TARGET_NAME)";
				SWIFT_EMIT_LOC_STRINGS = YES;
				SWIFT_VERSION = 5.0;
				TARGETED_DEVICE_FAMILY = "1,2";
			};
			name = Release;
		};
		18B6A8BB2B5D85E700BDF2D4 /* Debug */ = {
			isa = XCBuildConfiguration;
			buildSettings = {
				ALWAYS_EMBED_SWIFT_STANDARD_LIBRARIES = YES;
				BUNDLE_LOADER = "$(TEST_HOST)";
				CODE_SIGN_STYLE = Automatic;
				CURRENT_PROJECT_VERSION = 1;
				DEVELOPMENT_TEAM = 4CZPQT5YS6;
				GENERATE_INFOPLIST_FILE = YES;
				IPHONEOS_DEPLOYMENT_TARGET = 16.4;
				MARKETING_VERSION = 1.0;
				PRODUCT_BUNDLE_IDENTIFIER = com.WeatherAppTests;
				PRODUCT_NAME = "$(TARGET_NAME)";
				SWIFT_EMIT_LOC_STRINGS = NO;
				SWIFT_VERSION = 5.0;
				TARGETED_DEVICE_FAMILY = "1,2";
				TEST_HOST = "$(BUILT_PRODUCTS_DIR)/WeatherApp.app/$(BUNDLE_EXECUTABLE_FOLDER_PATH)/WeatherApp";
			};
			name = Debug;
		};
		18B6A8BC2B5D85E700BDF2D4 /* Release */ = {
			isa = XCBuildConfiguration;
			buildSettings = {
				ALWAYS_EMBED_SWIFT_STANDARD_LIBRARIES = YES;
				BUNDLE_LOADER = "$(TEST_HOST)";
				CODE_SIGN_STYLE = Automatic;
				CURRENT_PROJECT_VERSION = 1;
				DEVELOPMENT_TEAM = 4CZPQT5YS6;
				GENERATE_INFOPLIST_FILE = YES;
				IPHONEOS_DEPLOYMENT_TARGET = 16.4;
				MARKETING_VERSION = 1.0;
				PRODUCT_BUNDLE_IDENTIFIER = com.WeatherAppTests;
				PRODUCT_NAME = "$(TARGET_NAME)";
				SWIFT_EMIT_LOC_STRINGS = NO;
				SWIFT_VERSION = 5.0;
				TARGETED_DEVICE_FAMILY = "1,2";
				TEST_HOST = "$(BUILT_PRODUCTS_DIR)/WeatherApp.app/$(BUNDLE_EXECUTABLE_FOLDER_PATH)/WeatherApp";
			};
			name = Release;
		};
		18B6A8BE2B5D85E700BDF2D4 /* Debug */ = {
			isa = XCBuildConfiguration;
			buildSettings = {
				ALWAYS_EMBED_SWIFT_STANDARD_LIBRARIES = YES;
				CODE_SIGN_STYLE = Automatic;
				CURRENT_PROJECT_VERSION = 1;
				DEVELOPMENT_TEAM = 4CZPQT5YS6;
				GENERATE_INFOPLIST_FILE = YES;
				MARKETING_VERSION = 1.0;
				PRODUCT_BUNDLE_IDENTIFIER = com.WeatherAppUITests;
				PRODUCT_NAME = "$(TARGET_NAME)";
				SWIFT_EMIT_LOC_STRINGS = NO;
				SWIFT_VERSION = 5.0;
				TARGETED_DEVICE_FAMILY = "1,2";
				TEST_TARGET_NAME = WeatherApp;
			};
			name = Debug;
		};
		18B6A8BF2B5D85E700BDF2D4 /* Release */ = {
			isa = XCBuildConfiguration;
			buildSettings = {
				ALWAYS_EMBED_SWIFT_STANDARD_LIBRARIES = YES;
				CODE_SIGN_STYLE = Automatic;
				CURRENT_PROJECT_VERSION = 1;
				DEVELOPMENT_TEAM = 4CZPQT5YS6;
				GENERATE_INFOPLIST_FILE = YES;
				MARKETING_VERSION = 1.0;
				PRODUCT_BUNDLE_IDENTIFIER = com.WeatherAppUITests;
				PRODUCT_NAME = "$(TARGET_NAME)";
				SWIFT_EMIT_LOC_STRINGS = NO;
				SWIFT_VERSION = 5.0;
				TARGETED_DEVICE_FAMILY = "1,2";
				TEST_TARGET_NAME = WeatherApp;
			};
			name = Release;
		};
/* End XCBuildConfiguration section */

/* Begin XCConfigurationList section */
		18B6A8882B5D85E300BDF2D4 /* Build configuration list for PBXProject "WeatherApp" */ = {
			isa = XCConfigurationList;
			buildConfigurations = (
				18B6A8B52B5D85E700BDF2D4 /* Debug */,
				18B6A8B62B5D85E700BDF2D4 /* Release */,
			);
			defaultConfigurationIsVisible = 0;
			defaultConfigurationName = Release;
		};
		18B6A8B72B5D85E700BDF2D4 /* Build configuration list for PBXNativeTarget "WeatherApp" */ = {
			isa = XCConfigurationList;
			buildConfigurations = (
				18B6A8B82B5D85E700BDF2D4 /* Debug */,
				18B6A8B92B5D85E700BDF2D4 /* Release */,
			);
			defaultConfigurationIsVisible = 0;
			defaultConfigurationName = Release;
		};
		18B6A8BA2B5D85E700BDF2D4 /* Build configuration list for PBXNativeTarget "WeatherAppTests" */ = {
			isa = XCConfigurationList;
			buildConfigurations = (
				18B6A8BB2B5D85E700BDF2D4 /* Debug */,
				18B6A8BC2B5D85E700BDF2D4 /* Release */,
			);
			defaultConfigurationIsVisible = 0;
			defaultConfigurationName = Release;
		};
		18B6A8BD2B5D85E700BDF2D4 /* Build configuration list for PBXNativeTarget "WeatherAppUITests" */ = {
			isa = XCConfigurationList;
			buildConfigurations = (
				18B6A8BE2B5D85E700BDF2D4 /* Debug */,
				18B6A8BF2B5D85E700BDF2D4 /* Release */,
			);
			defaultConfigurationIsVisible = 0;
			defaultConfigurationName = Release;
		};
/* End XCConfigurationList section */

/* Begin XCRemoteSwiftPackageReference section */
		18B6A8C42B5D8AFF00BDF2D4 /* XCRemoteSwiftPackageReference "SnapKit" */ = {
			isa = XCRemoteSwiftPackageReference;
			repositoryURL = "https://github.com/SnapKit/SnapKit.git";
			requirement = {
				kind = upToNextMajorVersion;
				minimumVersion = 5.0.0;
			};
		};
/* End XCRemoteSwiftPackageReference section */

/* Begin XCSwiftPackageProductDependency section */
		18B6A8C52B5D8AFF00BDF2D4 /* SnapKit */ = {
			isa = XCSwiftPackageProductDependency;
			package = 18B6A8C42B5D8AFF00BDF2D4 /* XCRemoteSwiftPackageReference "SnapKit" */;
			productName = SnapKit;
		};
/* End XCSwiftPackageProductDependency section */
	};
	rootObject = 18B6A8852B5D85E300BDF2D4 /* Project object */;
}
